// !$*UTF8*$!
{
	archiveVersion = 1;
	classes = {
	};
	objectVersion = 46;
	objects = {

/* Begin PBXBuildFile section */
		1D3623260D0F684500981E51 /* TankGame_Delegate.m in Sources */ = {isa = PBXBuildFile; fileRef = 1D3623250D0F684500981E51 /* TankGame_Delegate.m */; };
		1D60589B0D05DD56006BFB54 /* main.m in Sources */ = {isa = PBXBuildFile; fileRef = 29B97316FDCFA39411CA2CEA /* main.m */; };
		1D60589F0D05DD5A006BFB54 /* Foundation.framework in Frameworks */ = {isa = PBXBuildFile; fileRef = 1D30AB110D05D00D00671497 /* Foundation.framework */; };
		1DF5F4E00D08C38300B7A737 /* UIKit.framework in Frameworks */ = {isa = PBXBuildFile; fileRef = 1DF5F4DF0D08C38300B7A737 /* UIKit.framework */; };
		288765FD0DF74451002DB57D /* CoreGraphics.framework in Frameworks */ = {isa = PBXBuildFile; fileRef = 288765FC0DF74451002DB57D /* CoreGraphics.framework */; };
		403C9DB2178CBB1500B6DB48 /* ArenaObject.m in Sources */ = {isa = PBXBuildFile; fileRef = 403C9DB1178CBB1500B6DB48 /* ArenaObject.m */; };
		403C9DB8178E28BB00B6DB48 /* EnemyTankObject.m in Sources */ = {isa = PBXBuildFile; fileRef = 403C9DB7178E28BB00B6DB48 /* EnemyTankObject.m */; };
		40416CC21784DBC000276AF5 /* ShellObject.m in Sources */ = {isa = PBXBuildFile; fileRef = 40416CC11784DBC000276AF5 /* ShellObject.m */; };
		408DD53217863A35006D41F1 /* TankObject.m in Sources */ = {isa = PBXBuildFile; fileRef = 408DD53117863A35006D41F1 /* TankObject.m */; };
		40A0825117AB0FC300C1A2E5 /* LLVM-Logo.png in Resources */ = {isa = PBXBuildFile; fileRef = 40A0825017AB0FC300C1A2E5 /* LLVM-Logo.png */; };
		40A0825317AB18B700C1A2E5 /* explosion.png in Resources */ = {isa = PBXBuildFile; fileRef = 40A0825217AB18B700C1A2E5 /* explosion.png */; };
		40A0825517AB321000C1A2E5 /* coordsTrans.c in Sources */ = {isa = PBXBuildFile; fileRef = 40A0825417AB321000C1A2E5 /* coordsTrans.c */; };
		40A0825717AB712300C1A2E5 /* explosionBW1.png in Resources */ = {isa = PBXBuildFile; fileRef = 40A0825617AB712300C1A2E5 /* explosionBW1.png */; };
		40A0825917AB71D700C1A2E5 /* explosionBW2.png in Resources */ = {isa = PBXBuildFile; fileRef = 40A0825817AB71D700C1A2E5 /* explosionBW2.png */; };
		40A0825C17AC648900C1A2E5 /* ScoreDisp.m in Sources */ = {isa = PBXBuildFile; fileRef = 40A0825B17AC648800C1A2E5 /* ScoreDisp.m */; };
		40D2C54C178F867B00D8ED62 /* AVFoundation.framework in Frameworks */ = {isa = PBXBuildFile; fileRef = 40D2C54B178F867B00D8ED62 /* AVFoundation.framework */; };
		40D2C54F17909F0D00D8ED62 /* TankSoundController.m in Sources */ = {isa = PBXBuildFile; fileRef = 40D2C54E17909F0D00D8ED62 /* TankSoundController.m */; };
		40D2C5511790B07F00D8ED62 /* tank-engine.wav in Resources */ = {isa = PBXBuildFile; fileRef = 40D2C5501790B07F00D8ED62 /* tank-engine.wav */; };
		821577CA13A2A99800974847 /* OpenGLES.framework in Frameworks */ = {isa = PBXBuildFile; fileRef = 821577C913A2A99800974847 /* OpenGLES.framework */; };
		821577CE13A2A9B200974847 /* QuartzCore.framework in Frameworks */ = {isa = PBXBuildFile; fileRef = 821577CD13A2A9B200974847 /* QuartzCore.framework */; };
		821577D313A2AA0800974847 /* GLView.m in Sources */ = {isa = PBXBuildFile; fileRef = 821577D213A2AA0800974847 /* GLView.m */; };
		821577E413A2B28900974847 /* RenderingEngine2.m in Sources */ = {isa = PBXBuildFile; fileRef = 821577E313A2B28900974847 /* RenderingEngine2.m */; };
		8219E3FD13E329F200630C83 /* ControllerView.m in Sources */ = {isa = PBXBuildFile; fileRef = 8219E3FC13E329F200630C83 /* ControllerView.m */; };
		828A85DD177F678C0054577B /* chipmunk.c in Sources */ = {isa = PBXBuildFile; fileRef = 828A8564177F678C0054577B /* chipmunk.c */; };
		828A862F177F678C0054577B /* cpConstraint.c in Sources */ = {isa = PBXBuildFile; fileRef = 828A85BC177F678C0054577B /* cpConstraint.c */; };
		828A8630177F678C0054577B /* cpDampedRotarySpring.c in Sources */ = {isa = PBXBuildFile; fileRef = 828A85BD177F678C0054577B /* cpDampedRotarySpring.c */; };
		828A8631177F678C0054577B /* cpDampedSpring.c in Sources */ = {isa = PBXBuildFile; fileRef = 828A85BE177F678C0054577B /* cpDampedSpring.c */; };
		828A8632177F678C0054577B /* cpGearJoint.c in Sources */ = {isa = PBXBuildFile; fileRef = 828A85BF177F678C0054577B /* cpGearJoint.c */; };
		828A8633177F678C0054577B /* cpGrooveJoint.c in Sources */ = {isa = PBXBuildFile; fileRef = 828A85C0177F678C0054577B /* cpGrooveJoint.c */; };
		828A8634177F678C0054577B /* cpPinJoint.c in Sources */ = {isa = PBXBuildFile; fileRef = 828A85C1177F678C0054577B /* cpPinJoint.c */; };
		828A8635177F678C0054577B /* cpPivotJoint.c in Sources */ = {isa = PBXBuildFile; fileRef = 828A85C2177F678C0054577B /* cpPivotJoint.c */; };
		828A8636177F678C0054577B /* cpRatchetJoint.c in Sources */ = {isa = PBXBuildFile; fileRef = 828A85C3177F678C0054577B /* cpRatchetJoint.c */; };
		828A8637177F678C0054577B /* cpRotaryLimitJoint.c in Sources */ = {isa = PBXBuildFile; fileRef = 828A85C4177F678C0054577B /* cpRotaryLimitJoint.c */; };
		828A8638177F678C0054577B /* cpSimpleMotor.c in Sources */ = {isa = PBXBuildFile; fileRef = 828A85C5177F678C0054577B /* cpSimpleMotor.c */; };
		828A8639177F678C0054577B /* cpSlideJoint.c in Sources */ = {isa = PBXBuildFile; fileRef = 828A85C6177F678C0054577B /* cpSlideJoint.c */; };
		828A863A177F678C0054577B /* cpArbiter.c in Sources */ = {isa = PBXBuildFile; fileRef = 828A85C7177F678C0054577B /* cpArbiter.c */; };
		828A863B177F678C0054577B /* cpArray.c in Sources */ = {isa = PBXBuildFile; fileRef = 828A85C8177F678C0054577B /* cpArray.c */; };
		828A863C177F678C0054577B /* cpBB.c in Sources */ = {isa = PBXBuildFile; fileRef = 828A85C9177F678C0054577B /* cpBB.c */; };
		828A863D177F678C0054577B /* cpBBTree.c in Sources */ = {isa = PBXBuildFile; fileRef = 828A85CA177F678C0054577B /* cpBBTree.c */; };
		828A863E177F678C0054577B /* cpBody.c in Sources */ = {isa = PBXBuildFile; fileRef = 828A85CB177F678C0054577B /* cpBody.c */; };
		828A863F177F678C0054577B /* cpCollision.c in Sources */ = {isa = PBXBuildFile; fileRef = 828A85CC177F678C0054577B /* cpCollision.c */; };
		828A8640177F678C0054577B /* cpHashSet.c in Sources */ = {isa = PBXBuildFile; fileRef = 828A85CD177F678C0054577B /* cpHashSet.c */; };
		828A8641177F678C0054577B /* cpPolyShape.c in Sources */ = {isa = PBXBuildFile; fileRef = 828A85CE177F678C0054577B /* cpPolyShape.c */; };
		828A8642177F678C0054577B /* cpShape.c in Sources */ = {isa = PBXBuildFile; fileRef = 828A85CF177F678C0054577B /* cpShape.c */; };
		828A8643177F678C0054577B /* cpSpace.c in Sources */ = {isa = PBXBuildFile; fileRef = 828A85D0177F678C0054577B /* cpSpace.c */; };
		828A8644177F678C0054577B /* cpSpaceComponent.c in Sources */ = {isa = PBXBuildFile; fileRef = 828A85D1177F678C0054577B /* cpSpaceComponent.c */; };
		828A8645177F678C0054577B /* cpSpaceHash.c in Sources */ = {isa = PBXBuildFile; fileRef = 828A85D2177F678C0054577B /* cpSpaceHash.c */; };
		828A8646177F678C0054577B /* cpSpaceQuery.c in Sources */ = {isa = PBXBuildFile; fileRef = 828A85D3177F678C0054577B /* cpSpaceQuery.c */; };
		828A8647177F678C0054577B /* cpSpaceStep.c in Sources */ = {isa = PBXBuildFile; fileRef = 828A85D4177F678C0054577B /* cpSpaceStep.c */; };
		828A8648177F678C0054577B /* cpSpatialIndex.c in Sources */ = {isa = PBXBuildFile; fileRef = 828A85D5177F678C0054577B /* cpSpatialIndex.c */; };
		828A8649177F678C0054577B /* cpSweep1D.c in Sources */ = {isa = PBXBuildFile; fileRef = 828A85D6177F678C0054577B /* cpSweep1D.c */; };
		828A864A177F678C0054577B /* cpVect.c in Sources */ = {isa = PBXBuildFile; fileRef = 828A85D7177F678C0054577B /* cpVect.c */; };
		82F5418B178F27E300B0AF52 /* tank-engine.caf in Resources */ = {isa = PBXBuildFile; fileRef = 82F5418A178F27E300B0AF52 /* tank-engine.caf */; };
		82F5418D178F27EF00B0AF52 /* tank-fire.caf in Resources */ = {isa = PBXBuildFile; fileRef = 82F5418C178F27EF00B0AF52 /* tank-fire.caf */; };
		82F5418F178F298B00B0AF52 /* CoreAudio.framework in Frameworks */ = {isa = PBXBuildFile; fileRef = 82F5418E178F298B00B0AF52 /* CoreAudio.framework */; };
		82F54191178F2A9500B0AF52 /* AudioToolbox.framework in Frameworks */ = {isa = PBXBuildFile; fileRef = 82F54190178F2A9500B0AF52 /* AudioToolbox.framework */; };
/* End PBXBuildFile section */

/* Begin PBXFileReference section */
		1D30AB110D05D00D00671497 /* Foundation.framework */ = {isa = PBXFileReference; lastKnownFileType = wrapper.framework; name = Foundation.framework; path = System/Library/Frameworks/Foundation.framework; sourceTree = SDKROOT; };
		1D3623240D0F684500981E51 /* TankGame_Delegate.h */ = {isa = PBXFileReference; fileEncoding = 4; lastKnownFileType = sourcecode.c.h; path = TankGame_Delegate.h; sourceTree = "<group>"; };
		1D3623250D0F684500981E51 /* TankGame_Delegate.m */ = {isa = PBXFileReference; fileEncoding = 4; lastKnownFileType = sourcecode.c.objc; path = TankGame_Delegate.m; sourceTree = "<group>"; };
		1D6058910D05DD3D006BFB54 /* ES2_tankgame.app */ = {isa = PBXFileReference; explicitFileType = wrapper.application; includeInIndex = 0; path = ES2_tankgame.app; sourceTree = BUILT_PRODUCTS_DIR; };
		1DF5F4DF0D08C38300B7A737 /* UIKit.framework */ = {isa = PBXFileReference; lastKnownFileType = wrapper.framework; name = UIKit.framework; path = System/Library/Frameworks/UIKit.framework; sourceTree = SDKROOT; };
		288765FC0DF74451002DB57D /* CoreGraphics.framework */ = {isa = PBXFileReference; lastKnownFileType = wrapper.framework; name = CoreGraphics.framework; path = System/Library/Frameworks/CoreGraphics.framework; sourceTree = SDKROOT; };
		29B97316FDCFA39411CA2CEA /* main.m */ = {isa = PBXFileReference; fileEncoding = 4; lastKnownFileType = sourcecode.c.objc; path = main.m; sourceTree = "<group>"; };
		32CA4F630368D1EE00C91783 /* ES2_tankgame_Prefix.pch */ = {isa = PBXFileReference; fileEncoding = 4; lastKnownFileType = sourcecode.c.h; path = ES2_tankgame_Prefix.pch; sourceTree = "<group>"; };
		400EA5461783618000A5426F /* shell_model.h */ = {isa = PBXFileReference; fileEncoding = 4; lastKnownFileType = sourcecode.c.h; path = shell_model.h; sourceTree = "<group>"; };
		403C9DB0178CBB1500B6DB48 /* ArenaObject.h */ = {isa = PBXFileReference; fileEncoding = 4; lastKnownFileType = sourcecode.c.h; path = ArenaObject.h; sourceTree = "<group>"; };
		403C9DB1178CBB1500B6DB48 /* ArenaObject.m */ = {isa = PBXFileReference; fileEncoding = 4; lastKnownFileType = sourcecode.c.objc; path = ArenaObject.m; sourceTree = "<group>"; };
		403C9DB4178E113D00B6DB48 /* button_model.h */ = {isa = PBXFileReference; fileEncoding = 4; lastKnownFileType = sourcecode.c.h; path = button_model.h; sourceTree = "<group>"; };
		403C9DB5178E289E00B6DB48 /* enemy_tank_model.h */ = {isa = PBXFileReference; fileEncoding = 4; lastKnownFileType = sourcecode.c.h; path = enemy_tank_model.h; sourceTree = "<group>"; };
		403C9DB6178E28B200B6DB48 /* EnemyTankObject.h */ = {isa = PBXFileReference; fileEncoding = 4; lastKnownFileType = sourcecode.c.h; path = EnemyTankObject.h; sourceTree = "<group>"; };
		403C9DB7178E28BB00B6DB48 /* EnemyTankObject.m */ = {isa = PBXFileReference; fileEncoding = 4; lastKnownFileType = sourcecode.c.objc; path = EnemyTankObject.m; sourceTree = "<group>"; };
		40416CC01784DBC000276AF5 /* ShellObject.h */ = {isa = PBXFileReference; fileEncoding = 4; lastKnownFileType = sourcecode.c.h; path = ShellObject.h; sourceTree = "<group>"; };
		40416CC11784DBC000276AF5 /* ShellObject.m */ = {isa = PBXFileReference; fileEncoding = 4; lastKnownFileType = sourcecode.c.objc; path = ShellObject.m; sourceTree = "<group>"; };
		408DD52C17862697006D41F1 /* modelTypes.h */ = {isa = PBXFileReference; fileEncoding = 4; lastKnownFileType = sourcecode.c.h; path = modelTypes.h; sourceTree = "<group>"; };
		408DD53017863A27006D41F1 /* TankObject.h */ = {isa = PBXFileReference; fileEncoding = 4; lastKnownFileType = sourcecode.c.h; path = TankObject.h; sourceTree = "<group>"; };
		408DD53117863A35006D41F1 /* TankObject.m */ = {isa = PBXFileReference; fileEncoding = 4; lastKnownFileType = sourcecode.c.objc; path = TankObject.m; sourceTree = "<group>"; };
		40A0820F17A86B1900C1A2E5 /* tank_shaders.h */ = {isa = PBXFileReference; fileEncoding = 4; lastKnownFileType = sourcecode.c.h; path = tank_shaders.h; sourceTree = "<group>"; };
		40A0825017AB0FC300C1A2E5 /* LLVM-Logo.png */ = {isa = PBXFileReference; lastKnownFileType = image.png; path = "LLVM-Logo.png"; sourceTree = "<group>"; };
		40A0825217AB18B700C1A2E5 /* explosion.png */ = {isa = PBXFileReference; lastKnownFileType = image.png; path = explosion.png; sourceTree = "<group>"; };
		40A0825417AB321000C1A2E5 /* coordsTrans.c */ = {isa = PBXFileReference; fileEncoding = 4; lastKnownFileType = sourcecode.c.c; path = coordsTrans.c; sourceTree = "<group>"; };
		40A0825617AB712300C1A2E5 /* explosionBW1.png */ = {isa = PBXFileReference; lastKnownFileType = image.png; path = explosionBW1.png; sourceTree = "<group>"; };
		40A0825817AB71D700C1A2E5 /* explosionBW2.png */ = {isa = PBXFileReference; lastKnownFileType = image.png; path = explosionBW2.png; sourceTree = "<group>"; };
		40A0825A17AC648800C1A2E5 /* ScoreDisp.h */ = {isa = PBXFileReference; fileEncoding = 4; lastKnownFileType = sourcecode.c.h; path = ScoreDisp.h; sourceTree = "<group>"; };
		40A0825B17AC648800C1A2E5 /* ScoreDisp.m */ = {isa = PBXFileReference; fileEncoding = 4; lastKnownFileType = sourcecode.c.objc; path = ScoreDisp.m; sourceTree = "<group>"; };
		40D2C54B178F867B00D8ED62 /* AVFoundation.framework */ = {isa = PBXFileReference; lastKnownFileType = wrapper.framework; name = AVFoundation.framework; path = System/Library/Frameworks/AVFoundation.framework; sourceTree = SDKROOT; };
		40D2C54D17909F0D00D8ED62 /* TankSoundController.h */ = {isa = PBXFileReference; fileEncoding = 4; lastKnownFileType = sourcecode.c.h; path = TankSoundController.h; sourceTree = "<group>"; };
		40D2C54E17909F0D00D8ED62 /* TankSoundController.m */ = {isa = PBXFileReference; fileEncoding = 4; lastKnownFileType = sourcecode.c.objc; path = TankSoundController.m; sourceTree = "<group>"; };
		40D2C5501790B07F00D8ED62 /* tank-engine.wav */ = {isa = PBXFileReference; lastKnownFileType = audio.wav; path = "tank-engine.wav"; sourceTree = "<group>"; };
		821577C913A2A99800974847 /* OpenGLES.framework */ = {isa = PBXFileReference; lastKnownFileType = wrapper.framework; name = OpenGLES.framework; path = System/Library/Frameworks/OpenGLES.framework; sourceTree = SDKROOT; };
		821577CD13A2A9B200974847 /* QuartzCore.framework */ = {isa = PBXFileReference; lastKnownFileType = wrapper.framework; name = QuartzCore.framework; path = System/Library/Frameworks/QuartzCore.framework; sourceTree = SDKROOT; };
		821577D113A2AA0800974847 /* GLView.h */ = {isa = PBXFileReference; fileEncoding = 4; lastKnownFileType = sourcecode.c.h; path = GLView.h; sourceTree = "<group>"; };
		821577D213A2AA0800974847 /* GLView.m */ = {isa = PBXFileReference; fileEncoding = 4; lastKnownFileType = sourcecode.c.objc; path = GLView.m; sourceTree = "<group>"; };
		821577E213A2B28900974847 /* RenderingEngine2.h */ = {isa = PBXFileReference; fileEncoding = 4; lastKnownFileType = sourcecode.c.h; path = RenderingEngine2.h; sourceTree = "<group>"; };
		821577E313A2B28900974847 /* RenderingEngine2.m */ = {isa = PBXFileReference; fileEncoding = 4; lastKnownFileType = sourcecode.c.objc; path = RenderingEngine2.m; sourceTree = "<group>"; };
		8219E3FB13E329F200630C83 /* ControllerView.h */ = {isa = PBXFileReference; fileEncoding = 4; lastKnownFileType = sourcecode.c.h; path = ControllerView.h; sourceTree = "<group>"; };
		8219E3FC13E329F200630C83 /* ControllerView.m */ = {isa = PBXFileReference; fileEncoding = 4; lastKnownFileType = sourcecode.c.objc; path = ControllerView.m; sourceTree = "<group>"; };
		828A8549177F67750054577B /* chipmunk.h */ = {isa = PBXFileReference; fileEncoding = 4; lastKnownFileType = sourcecode.c.h; path = chipmunk.h; sourceTree = "<group>"; };
		828A854A177F67750054577B /* chipmunk_ffi.h */ = {isa = PBXFileReference; fileEncoding = 4; lastKnownFileType = sourcecode.c.h; path = chipmunk_ffi.h; sourceTree = "<group>"; };
		828A854B177F67750054577B /* chipmunk_private.h */ = {isa = PBXFileReference; fileEncoding = 4; lastKnownFileType = sourcecode.c.h; path = chipmunk_private.h; sourceTree = "<group>"; };
		828A854C177F67750054577B /* chipmunk_types.h */ = {isa = PBXFileReference; fileEncoding = 4; lastKnownFileType = sourcecode.c.h; path = chipmunk_types.h; sourceTree = "<group>"; };
		828A854D177F67750054577B /* chipmunk_unsafe.h */ = {isa = PBXFileReference; fileEncoding = 4; lastKnownFileType = sourcecode.c.h; path = chipmunk_unsafe.h; sourceTree = "<group>"; };
		828A854F177F67750054577B /* cpConstraint.h */ = {isa = PBXFileReference; fileEncoding = 4; lastKnownFileType = sourcecode.c.h; path = cpConstraint.h; sourceTree = "<group>"; };
		828A8550177F67750054577B /* cpDampedRotarySpring.h */ = {isa = PBXFileReference; fileEncoding = 4; lastKnownFileType = sourcecode.c.h; path = cpDampedRotarySpring.h; sourceTree = "<group>"; };
		828A8551177F67750054577B /* cpDampedSpring.h */ = {isa = PBXFileReference; fileEncoding = 4; lastKnownFileType = sourcecode.c.h; path = cpDampedSpring.h; sourceTree = "<group>"; };
		828A8552177F67750054577B /* cpGearJoint.h */ = {isa = PBXFileReference; fileEncoding = 4; lastKnownFileType = sourcecode.c.h; path = cpGearJoint.h; sourceTree = "<group>"; };
		828A8553177F67750054577B /* cpGrooveJoint.h */ = {isa = PBXFileReference; fileEncoding = 4; lastKnownFileType = sourcecode.c.h; path = cpGrooveJoint.h; sourceTree = "<group>"; };
		828A8554177F67750054577B /* cpPinJoint.h */ = {isa = PBXFileReference; fileEncoding = 4; lastKnownFileType = sourcecode.c.h; path = cpPinJoint.h; sourceTree = "<group>"; };
		828A8555177F67750054577B /* cpPivotJoint.h */ = {isa = PBXFileReference; fileEncoding = 4; lastKnownFileType = sourcecode.c.h; path = cpPivotJoint.h; sourceTree = "<group>"; };
		828A8556177F67750054577B /* cpRatchetJoint.h */ = {isa = PBXFileReference; fileEncoding = 4; lastKnownFileType = sourcecode.c.h; path = cpRatchetJoint.h; sourceTree = "<group>"; };
		828A8557177F67750054577B /* cpRotaryLimitJoint.h */ = {isa = PBXFileReference; fileEncoding = 4; lastKnownFileType = sourcecode.c.h; path = cpRotaryLimitJoint.h; sourceTree = "<group>"; };
		828A8558177F67750054577B /* cpSimpleMotor.h */ = {isa = PBXFileReference; fileEncoding = 4; lastKnownFileType = sourcecode.c.h; path = cpSimpleMotor.h; sourceTree = "<group>"; };
		828A8559177F67750054577B /* cpSlideJoint.h */ = {isa = PBXFileReference; fileEncoding = 4; lastKnownFileType = sourcecode.c.h; path = cpSlideJoint.h; sourceTree = "<group>"; };
		828A855A177F67750054577B /* util.h */ = {isa = PBXFileReference; fileEncoding = 4; lastKnownFileType = sourcecode.c.h; path = util.h; sourceTree = "<group>"; };
		828A855B177F67750054577B /* cpArbiter.h */ = {isa = PBXFileReference; fileEncoding = 4; lastKnownFileType = sourcecode.c.h; path = cpArbiter.h; sourceTree = "<group>"; };
		828A855C177F67750054577B /* cpBB.h */ = {isa = PBXFileReference; fileEncoding = 4; lastKnownFileType = sourcecode.c.h; path = cpBB.h; sourceTree = "<group>"; };
		828A855D177F67750054577B /* cpBody.h */ = {isa = PBXFileReference; fileEncoding = 4; lastKnownFileType = sourcecode.c.h; path = cpBody.h; sourceTree = "<group>"; };
		828A855E177F67750054577B /* cpPolyShape.h */ = {isa = PBXFileReference; fileEncoding = 4; lastKnownFileType = sourcecode.c.h; path = cpPolyShape.h; sourceTree = "<group>"; };
		828A855F177F67750054577B /* cpShape.h */ = {isa = PBXFileReference; fileEncoding = 4; lastKnownFileType = sourcecode.c.h; path = cpShape.h; sourceTree = "<group>"; };
		828A8560177F67750054577B /* cpSpace.h */ = {isa = PBXFileReference; fileEncoding = 4; lastKnownFileType = sourcecode.c.h; path = cpSpace.h; sourceTree = "<group>"; };
		828A8561177F67750054577B /* cpSpatialIndex.h */ = {isa = PBXFileReference; fileEncoding = 4; lastKnownFileType = sourcecode.c.h; path = cpSpatialIndex.h; sourceTree = "<group>"; };
		828A8562177F67750054577B /* cpVect.h */ = {isa = PBXFileReference; fileEncoding = 4; lastKnownFileType = sourcecode.c.h; path = cpVect.h; sourceTree = "<group>"; };
		828A8564177F678C0054577B /* chipmunk.c */ = {isa = PBXFileReference; fileEncoding = 4; lastKnownFileType = sourcecode.c.c; path = chipmunk.c; sourceTree = "<group>"; };
		828A85BC177F678C0054577B /* cpConstraint.c */ = {isa = PBXFileReference; fileEncoding = 4; lastKnownFileType = sourcecode.c.c; path = cpConstraint.c; sourceTree = "<group>"; };
		828A85BD177F678C0054577B /* cpDampedRotarySpring.c */ = {isa = PBXFileReference; fileEncoding = 4; lastKnownFileType = sourcecode.c.c; path = cpDampedRotarySpring.c; sourceTree = "<group>"; };
		828A85BE177F678C0054577B /* cpDampedSpring.c */ = {isa = PBXFileReference; fileEncoding = 4; lastKnownFileType = sourcecode.c.c; path = cpDampedSpring.c; sourceTree = "<group>"; };
		828A85BF177F678C0054577B /* cpGearJoint.c */ = {isa = PBXFileReference; fileEncoding = 4; lastKnownFileType = sourcecode.c.c; path = cpGearJoint.c; sourceTree = "<group>"; };
		828A85C0177F678C0054577B /* cpGrooveJoint.c */ = {isa = PBXFileReference; fileEncoding = 4; lastKnownFileType = sourcecode.c.c; path = cpGrooveJoint.c; sourceTree = "<group>"; };
		828A85C1177F678C0054577B /* cpPinJoint.c */ = {isa = PBXFileReference; fileEncoding = 4; lastKnownFileType = sourcecode.c.c; path = cpPinJoint.c; sourceTree = "<group>"; };
		828A85C2177F678C0054577B /* cpPivotJoint.c */ = {isa = PBXFileReference; fileEncoding = 4; lastKnownFileType = sourcecode.c.c; path = cpPivotJoint.c; sourceTree = "<group>"; };
		828A85C3177F678C0054577B /* cpRatchetJoint.c */ = {isa = PBXFileReference; fileEncoding = 4; lastKnownFileType = sourcecode.c.c; path = cpRatchetJoint.c; sourceTree = "<group>"; };
		828A85C4177F678C0054577B /* cpRotaryLimitJoint.c */ = {isa = PBXFileReference; fileEncoding = 4; lastKnownFileType = sourcecode.c.c; path = cpRotaryLimitJoint.c; sourceTree = "<group>"; };
		828A85C5177F678C0054577B /* cpSimpleMotor.c */ = {isa = PBXFileReference; fileEncoding = 4; lastKnownFileType = sourcecode.c.c; path = cpSimpleMotor.c; sourceTree = "<group>"; };
		828A85C6177F678C0054577B /* cpSlideJoint.c */ = {isa = PBXFileReference; fileEncoding = 4; lastKnownFileType = sourcecode.c.c; path = cpSlideJoint.c; sourceTree = "<group>"; };
		828A85C7177F678C0054577B /* cpArbiter.c */ = {isa = PBXFileReference; fileEncoding = 4; lastKnownFileType = sourcecode.c.c; path = cpArbiter.c; sourceTree = "<group>"; };
		828A85C8177F678C0054577B /* cpArray.c */ = {isa = PBXFileReference; fileEncoding = 4; lastKnownFileType = sourcecode.c.c; path = cpArray.c; sourceTree = "<group>"; };
		828A85C9177F678C0054577B /* cpBB.c */ = {isa = PBXFileReference; fileEncoding = 4; lastKnownFileType = sourcecode.c.c; path = cpBB.c; sourceTree = "<group>"; };
		828A85CA177F678C0054577B /* cpBBTree.c */ = {isa = PBXFileReference; fileEncoding = 4; lastKnownFileType = sourcecode.c.c; path = cpBBTree.c; sourceTree = "<group>"; };
		828A85CB177F678C0054577B /* cpBody.c */ = {isa = PBXFileReference; fileEncoding = 4; lastKnownFileType = sourcecode.c.c; path = cpBody.c; sourceTree = "<group>"; };
		828A85CC177F678C0054577B /* cpCollision.c */ = {isa = PBXFileReference; fileEncoding = 4; lastKnownFileType = sourcecode.c.c; path = cpCollision.c; sourceTree = "<group>"; };
		828A85CD177F678C0054577B /* cpHashSet.c */ = {isa = PBXFileReference; fileEncoding = 4; lastKnownFileType = sourcecode.c.c; path = cpHashSet.c; sourceTree = "<group>"; };
		828A85CE177F678C0054577B /* cpPolyShape.c */ = {isa = PBXFileReference; fileEncoding = 4; lastKnownFileType = sourcecode.c.c; path = cpPolyShape.c; sourceTree = "<group>"; };
		828A85CF177F678C0054577B /* cpShape.c */ = {isa = PBXFileReference; fileEncoding = 4; lastKnownFileType = sourcecode.c.c; path = cpShape.c; sourceTree = "<group>"; };
		828A85D0177F678C0054577B /* cpSpace.c */ = {isa = PBXFileReference; fileEncoding = 4; lastKnownFileType = sourcecode.c.c; path = cpSpace.c; sourceTree = "<group>"; };
		828A85D1177F678C0054577B /* cpSpaceComponent.c */ = {isa = PBXFileReference; fileEncoding = 4; lastKnownFileType = sourcecode.c.c; path = cpSpaceComponent.c; sourceTree = "<group>"; };
		828A85D2177F678C0054577B /* cpSpaceHash.c */ = {isa = PBXFileReference; fileEncoding = 4; lastKnownFileType = sourcecode.c.c; path = cpSpaceHash.c; sourceTree = "<group>"; };
		828A85D3177F678C0054577B /* cpSpaceQuery.c */ = {isa = PBXFileReference; fileEncoding = 4; lastKnownFileType = sourcecode.c.c; path = cpSpaceQuery.c; sourceTree = "<group>"; };
		828A85D4177F678C0054577B /* cpSpaceStep.c */ = {isa = PBXFileReference; fileEncoding = 4; lastKnownFileType = sourcecode.c.c; path = cpSpaceStep.c; sourceTree = "<group>"; };
		828A85D5177F678C0054577B /* cpSpatialIndex.c */ = {isa = PBXFileReference; fileEncoding = 4; lastKnownFileType = sourcecode.c.c; path = cpSpatialIndex.c; sourceTree = "<group>"; };
		828A85D6177F678C0054577B /* cpSweep1D.c */ = {isa = PBXFileReference; fileEncoding = 4; lastKnownFileType = sourcecode.c.c; path = cpSweep1D.c; sourceTree = "<group>"; };
		828A85D7177F678C0054577B /* cpVect.c */ = {isa = PBXFileReference; fileEncoding = 4; lastKnownFileType = sourcecode.c.c; path = cpVect.c; sourceTree = "<group>"; };
		828A85DC177F678C0054577B /* prime.h */ = {isa = PBXFileReference; fileEncoding = 4; lastKnownFileType = sourcecode.c.h; path = prime.h; sourceTree = "<group>"; };
		82B2D3EE13DCB88700EB5B7F /* controller_models.h */ = {isa = PBXFileReference; fileEncoding = 4; lastKnownFileType = sourcecode.c.h; path = controller_models.h; sourceTree = "<group>"; };
		82B2D3F213DCB92B00EB5B7F /* tank_model.h */ = {isa = PBXFileReference; fileEncoding = 4; lastKnownFileType = sourcecode.c.h; path = tank_model.h; sourceTree = "<group>"; };
		82F5418A178F27E300B0AF52 /* tank-engine.caf */ = {isa = PBXFileReference; lastKnownFileType = file; path = "tank-engine.caf"; sourceTree = "<group>"; };
		82F5418C178F27EF00B0AF52 /* tank-fire.caf */ = {isa = PBXFileReference; lastKnownFileType = file; path = "tank-fire.caf"; sourceTree = "<group>"; };
		82F5418E178F298B00B0AF52 /* CoreAudio.framework */ = {isa = PBXFileReference; lastKnownFileType = wrapper.framework; name = CoreAudio.framework; path = System/Library/Frameworks/CoreAudio.framework; sourceTree = SDKROOT; };
		82F54190178F2A9500B0AF52 /* AudioToolbox.framework */ = {isa = PBXFileReference; lastKnownFileType = wrapper.framework; name = AudioToolbox.framework; path = System/Library/Frameworks/AudioToolbox.framework; sourceTree = SDKROOT; };
		8D1107310486CEB800E47090 /* ES2_tankgame-Info.plist */ = {isa = PBXFileReference; fileEncoding = 4; lastKnownFileType = text.plist.xml; path = "ES2_tankgame-Info.plist"; plistStructureDefinitionIdentifier = "com.apple.xcode.plist.structure-definition.iphone.info-plist"; sourceTree = "<group>"; };
/* End PBXFileReference section */

/* Begin PBXFrameworksBuildPhase section */
		1D60588F0D05DD3D006BFB54 /* Frameworks */ = {
			isa = PBXFrameworksBuildPhase;
			buildActionMask = 2147483647;
			files = (
				40D2C54C178F867B00D8ED62 /* AVFoundation.framework in Frameworks */,
				82F54191178F2A9500B0AF52 /* AudioToolbox.framework in Frameworks */,
				82F5418F178F298B00B0AF52 /* CoreAudio.framework in Frameworks */,
				1D60589F0D05DD5A006BFB54 /* Foundation.framework in Frameworks */,
				1DF5F4E00D08C38300B7A737 /* UIKit.framework in Frameworks */,
				288765FD0DF74451002DB57D /* CoreGraphics.framework in Frameworks */,
				821577CA13A2A99800974847 /* OpenGLES.framework in Frameworks */,
				821577CE13A2A9B200974847 /* QuartzCore.framework in Frameworks */,
			);
			runOnlyForDeploymentPostprocessing = 0;
		};
/* End PBXFrameworksBuildPhase section */

/* Begin PBXGroup section */
		080E96DDFE201D6D7F000001 /* Classes */ = {
			isa = PBXGroup;
			children = (
				40A0825417AB321000C1A2E5 /* coordsTrans.c */,
				40A0820F17A86B1900C1A2E5 /* tank_shaders.h */,
				408DD52F178639EC006D41F1 /* ArenaObjects */,
				408DD52B17862658006D41F1 /* models */,
				1D3623240D0F684500981E51 /* TankGame_Delegate.h */,
				1D3623250D0F684500981E51 /* TankGame_Delegate.m */,
				821577D113A2AA0800974847 /* GLView.h */,
				821577D213A2AA0800974847 /* GLView.m */,
				821577E213A2B28900974847 /* RenderingEngine2.h */,
				821577E313A2B28900974847 /* RenderingEngine2.m */,
				8219E3FB13E329F200630C83 /* ControllerView.h */,
				8219E3FC13E329F200630C83 /* ControllerView.m */,
				40D2C54D17909F0D00D8ED62 /* TankSoundController.h */,
				40D2C54E17909F0D00D8ED62 /* TankSoundController.m */,
				40A0825A17AC648800C1A2E5 /* ScoreDisp.h */,
				40A0825B17AC648800C1A2E5 /* ScoreDisp.m */,
			);
			path = Classes;
			sourceTree = "<group>";
		};
		19C28FACFE9D520D11CA2CBB /* Products */ = {
			isa = PBXGroup;
			children = (
				1D6058910D05DD3D006BFB54 /* ES2_tankgame.app */,
			);
			name = Products;
			sourceTree = "<group>";
		};
		29B97314FDCFA39411CA2CEA /* CustomTemplate */ = {
			isa = PBXGroup;
			children = (
				40D2C54B178F867B00D8ED62 /* AVFoundation.framework */,
				080E96DDFE201D6D7F000001 /* Classes */,
				828A8546177F4FF50054577B /* Chipmunk2D */,
				29B97315FDCFA39411CA2CEA /* Other Sources */,
				29B97317FDCFA39411CA2CEA /* Resources */,
				29B97323FDCFA39411CA2CEA /* Frameworks */,
				19C28FACFE9D520D11CA2CBB /* Products */,
			);
			name = CustomTemplate;
			sourceTree = "<group>";
		};
		29B97315FDCFA39411CA2CEA /* Other Sources */ = {
			isa = PBXGroup;
			children = (
				32CA4F630368D1EE00C91783 /* ES2_tankgame_Prefix.pch */,
				29B97316FDCFA39411CA2CEA /* main.m */,
			);
			name = "Other Sources";
			sourceTree = "<group>";
		};
		29B97317FDCFA39411CA2CEA /* Resources */ = {
			isa = PBXGroup;
			children = (
				40A0825817AB71D700C1A2E5 /* explosionBW2.png */,
				40A0825617AB712300C1A2E5 /* explosionBW1.png */,
				40A0825217AB18B700C1A2E5 /* explosion.png */,
				40A0825017AB0FC300C1A2E5 /* LLVM-Logo.png */,
				82F54189178F27C300B0AF52 /* sounds */,
				8D1107310486CEB800E47090 /* ES2_tankgame-Info.plist */,
			);
			name = Resources;
			sourceTree = "<group>";
		};
		29B97323FDCFA39411CA2CEA /* Frameworks */ = {
			isa = PBXGroup;
			children = (
				82F54190178F2A9500B0AF52 /* AudioToolbox.framework */,
				82F5418E178F298B00B0AF52 /* CoreAudio.framework */,
				1DF5F4DF0D08C38300B7A737 /* UIKit.framework */,
				1D30AB110D05D00D00671497 /* Foundation.framework */,
				288765FC0DF74451002DB57D /* CoreGraphics.framework */,
				821577C913A2A99800974847 /* OpenGLES.framework */,
				821577CD13A2A9B200974847 /* QuartzCore.framework */,
			);
			name = Frameworks;
			sourceTree = "<group>";
		};
		408DD52B17862658006D41F1 /* models */ = {
			isa = PBXGroup;
			children = (
				403C9DB5178E289E00B6DB48 /* enemy_tank_model.h */,
				403C9DB4178E113D00B6DB48 /* button_model.h */,
				408DD52C17862697006D41F1 /* modelTypes.h */,
				82B2D3EE13DCB88700EB5B7F /* controller_models.h */,
				400EA5461783618000A5426F /* shell_model.h */,
				82B2D3F213DCB92B00EB5B7F /* tank_model.h */,
			);
			name = models;
			sourceTree = "<group>";
		};
		408DD52F178639EC006D41F1 /* ArenaObjects */ = {
			isa = PBXGroup;
			children = (
				403C9DB6178E28B200B6DB48 /* EnemyTankObject.h */,
				403C9DB7178E28BB00B6DB48 /* EnemyTankObject.m */,
				408DD53117863A35006D41F1 /* TankObject.m */,
				408DD53017863A27006D41F1 /* TankObject.h */,
				403C9DB0178CBB1500B6DB48 /* ArenaObject.h */,
				403C9DB1178CBB1500B6DB48 /* ArenaObject.m */,
				40416CC01784DBC000276AF5 /* ShellObject.h */,
				40416CC11784DBC000276AF5 /* ShellObject.m */,
			);
			name = ArenaObjects;
			sourceTree = "<group>";
		};
		828A8546177F4FF50054577B /* Chipmunk2D */ = {
			isa = PBXGroup;
			children = (
				828A8563177F678C0054577B /* src */,
				828A8547177F67750054577B /* include */,
			);
			name = Chipmunk2D;
			path = Classes;
			sourceTree = "<group>";
		};
		828A8547177F67750054577B /* include */ = {
			isa = PBXGroup;
			children = (
				828A8548177F67750054577B /* chipmunk */,
			);
			path = include;
			sourceTree = "<group>";
		};
		828A8548177F67750054577B /* chipmunk */ = {
			isa = PBXGroup;
			children = (
				828A8549177F67750054577B /* chipmunk.h */,
				828A854A177F67750054577B /* chipmunk_ffi.h */,
				828A854B177F67750054577B /* chipmunk_private.h */,
				828A854C177F67750054577B /* chipmunk_types.h */,
				828A854D177F67750054577B /* chipmunk_unsafe.h */,
				828A854E177F67750054577B /* constraints */,
				828A855B177F67750054577B /* cpArbiter.h */,
				828A855C177F67750054577B /* cpBB.h */,
				828A855D177F67750054577B /* cpBody.h */,
				828A855E177F67750054577B /* cpPolyShape.h */,
				828A855F177F67750054577B /* cpShape.h */,
				828A8560177F67750054577B /* cpSpace.h */,
				828A8561177F67750054577B /* cpSpatialIndex.h */,
				828A8562177F67750054577B /* cpVect.h */,
			);
			path = chipmunk;
			sourceTree = "<group>";
		};
		828A854E177F67750054577B /* constraints */ = {
			isa = PBXGroup;
			children = (
				828A854F177F67750054577B /* cpConstraint.h */,
				828A8550177F67750054577B /* cpDampedRotarySpring.h */,
				828A8551177F67750054577B /* cpDampedSpring.h */,
				828A8552177F67750054577B /* cpGearJoint.h */,
				828A8553177F67750054577B /* cpGrooveJoint.h */,
				828A8554177F67750054577B /* cpPinJoint.h */,
				828A8555177F67750054577B /* cpPivotJoint.h */,
				828A8556177F67750054577B /* cpRatchetJoint.h */,
				828A8557177F67750054577B /* cpRotaryLimitJoint.h */,
				828A8558177F67750054577B /* cpSimpleMotor.h */,
				828A8559177F67750054577B /* cpSlideJoint.h */,
				828A855A177F67750054577B /* util.h */,
			);
			path = constraints;
			sourceTree = "<group>";
		};
		828A8563177F678C0054577B /* src */ = {
			isa = PBXGroup;
			children = (
				828A8564177F678C0054577B /* chipmunk.c */,
				828A85BB177F678C0054577B /* constraints */,
				828A85C7177F678C0054577B /* cpArbiter.c */,
				828A85C8177F678C0054577B /* cpArray.c */,
				828A85C9177F678C0054577B /* cpBB.c */,
				828A85CA177F678C0054577B /* cpBBTree.c */,
				828A85CB177F678C0054577B /* cpBody.c */,
				828A85CC177F678C0054577B /* cpCollision.c */,
				828A85CD177F678C0054577B /* cpHashSet.c */,
				828A85CE177F678C0054577B /* cpPolyShape.c */,
				828A85CF177F678C0054577B /* cpShape.c */,
				828A85D0177F678C0054577B /* cpSpace.c */,
				828A85D1177F678C0054577B /* cpSpaceComponent.c */,
				828A85D2177F678C0054577B /* cpSpaceHash.c */,
				828A85D3177F678C0054577B /* cpSpaceQuery.c */,
				828A85D4177F678C0054577B /* cpSpaceStep.c */,
				828A85D5177F678C0054577B /* cpSpatialIndex.c */,
				828A85D6177F678C0054577B /* cpSweep1D.c */,
				828A85D7177F678C0054577B /* cpVect.c */,
				828A85DC177F678C0054577B /* prime.h */,
			);
			path = src;
			sourceTree = "<group>";
		};
		828A85BB177F678C0054577B /* constraints */ = {
			isa = PBXGroup;
			children = (
				828A85BC177F678C0054577B /* cpConstraint.c */,
				828A85BD177F678C0054577B /* cpDampedRotarySpring.c */,
				828A85BE177F678C0054577B /* cpDampedSpring.c */,
				828A85BF177F678C0054577B /* cpGearJoint.c */,
				828A85C0177F678C0054577B /* cpGrooveJoint.c */,
				828A85C1177F678C0054577B /* cpPinJoint.c */,
				828A85C2177F678C0054577B /* cpPivotJoint.c */,
				828A85C3177F678C0054577B /* cpRatchetJoint.c */,
				828A85C4177F678C0054577B /* cpRotaryLimitJoint.c */,
				828A85C5177F678C0054577B /* cpSimpleMotor.c */,
				828A85C6177F678C0054577B /* cpSlideJoint.c */,
			);
			path = constraints;
			sourceTree = "<group>";
		};
		82F54189178F27C300B0AF52 /* sounds */ = {
			isa = PBXGroup;
			children = (
				40D2C5501790B07F00D8ED62 /* tank-engine.wav */,
				82F5418C178F27EF00B0AF52 /* tank-fire.caf */,
				82F5418A178F27E300B0AF52 /* tank-engine.caf */,
			);
			name = sounds;
			sourceTree = "<group>";
		};
/* End PBXGroup section */

/* Begin PBXNativeTarget section */
		1D6058900D05DD3D006BFB54 /* ES2_tankgame */ = {
			isa = PBXNativeTarget;
			buildConfigurationList = 1D6058960D05DD3E006BFB54 /* Build configuration list for PBXNativeTarget "ES2_tankgame" */;
			buildPhases = (
				1D60588D0D05DD3D006BFB54 /* Resources */,
				1D60588E0D05DD3D006BFB54 /* Sources */,
				1D60588F0D05DD3D006BFB54 /* Frameworks */,
			);
			buildRules = (
			);
			dependencies = (
			);
			name = ES2_tankgame;
			productName = OC_helloArrow_ES1;
			productReference = 1D6058910D05DD3D006BFB54 /* ES2_tankgame.app */;
			productType = "com.apple.product-type.application";
		};
/* End PBXNativeTarget section */

/* Begin PBXProject section */
		29B97313FDCFA39411CA2CEA /* Project object */ = {
			isa = PBXProject;
			attributes = {
				LastUpgradeCheck = 0460;
				ORGANIZATIONNAME = "Built Light";
			};
			buildConfigurationList = C01FCF4E08A954540054247B /* Build configuration list for PBXProject "ES2_tankgame" */;
			compatibilityVersion = "Xcode 3.2";
			developmentRegion = English;
			hasScannedForEncodings = 1;
			knownRegions = (
				English,
				Japanese,
				French,
				German,
			);
			mainGroup = 29B97314FDCFA39411CA2CEA /* CustomTemplate */;
			projectDirPath = "";
			projectRoot = "";
			targets = (
				1D6058900D05DD3D006BFB54 /* ES2_tankgame */,
			);
		};
/* End PBXProject section */

/* Begin PBXResourcesBuildPhase section */
		1D60588D0D05DD3D006BFB54 /* Resources */ = {
			isa = PBXResourcesBuildPhase;
			buildActionMask = 2147483647;
			files = (
				82F5418B178F27E300B0AF52 /* tank-engine.caf in Resources */,
				82F5418D178F27EF00B0AF52 /* tank-fire.caf in Resources */,
				40D2C5511790B07F00D8ED62 /* tank-engine.wav in Resources */,
				40A0825117AB0FC300C1A2E5 /* LLVM-Logo.png in Resources */,
				40A0825317AB18B700C1A2E5 /* explosion.png in Resources */,
				40A0825717AB712300C1A2E5 /* explosionBW1.png in Resources */,
				40A0825917AB71D700C1A2E5 /* explosionBW2.png in Resources */,
			);
			runOnlyForDeploymentPostprocessing = 0;
		};
/* End PBXResourcesBuildPhase section */

/* Begin PBXSourcesBuildPhase section */
		1D60588E0D05DD3D006BFB54 /* Sources */ = {
			isa = PBXSourcesBuildPhase;
			buildActionMask = 2147483647;
			files = (
				1D60589B0D05DD56006BFB54 /* main.m in Sources */,
				1D3623260D0F684500981E51 /* TankGame_Delegate.m in Sources */,
				821577D313A2AA0800974847 /* GLView.m in Sources */,
				821577E413A2B28900974847 /* RenderingEngine2.m in Sources */,
				8219E3FD13E329F200630C83 /* ControllerView.m in Sources */,
				828A85DD177F678C0054577B /* chipmunk.c in Sources */,
				828A862F177F678C0054577B /* cpConstraint.c in Sources */,
				828A8630177F678C0054577B /* cpDampedRotarySpring.c in Sources */,
				828A8631177F678C0054577B /* cpDampedSpring.c in Sources */,
				828A8632177F678C0054577B /* cpGearJoint.c in Sources */,
				828A8633177F678C0054577B /* cpGrooveJoint.c in Sources */,
				828A8634177F678C0054577B /* cpPinJoint.c in Sources */,
				828A8635177F678C0054577B /* cpPivotJoint.c in Sources */,
				828A8636177F678C0054577B /* cpRatchetJoint.c in Sources */,
				828A8637177F678C0054577B /* cpRotaryLimitJoint.c in Sources */,
				828A8638177F678C0054577B /* cpSimpleMotor.c in Sources */,
				828A8639177F678C0054577B /* cpSlideJoint.c in Sources */,
				828A863A177F678C0054577B /* cpArbiter.c in Sources */,
				828A863B177F678C0054577B /* cpArray.c in Sources */,
				828A863C177F678C0054577B /* cpBB.c in Sources */,
				828A863D177F678C0054577B /* cpBBTree.c in Sources */,
				828A863E177F678C0054577B /* cpBody.c in Sources */,
				828A863F177F678C0054577B /* cpCollision.c in Sources */,
				828A8640177F678C0054577B /* cpHashSet.c in Sources */,
				828A8641177F678C0054577B /* cpPolyShape.c in Sources */,
				828A8642177F678C0054577B /* cpShape.c in Sources */,
				828A8643177F678C0054577B /* cpSpace.c in Sources */,
				828A8644177F678C0054577B /* cpSpaceComponent.c in Sources */,
				828A8645177F678C0054577B /* cpSpaceHash.c in Sources */,
				828A8646177F678C0054577B /* cpSpaceQuery.c in Sources */,
				828A8647177F678C0054577B /* cpSpaceStep.c in Sources */,
				828A8648177F678C0054577B /* cpSpatialIndex.c in Sources */,
				828A8649177F678C0054577B /* cpSweep1D.c in Sources */,
				828A864A177F678C0054577B /* cpVect.c in Sources */,
				40416CC21784DBC000276AF5 /* ShellObject.m in Sources */,
				408DD53217863A35006D41F1 /* TankObject.m in Sources */,
				403C9DB2178CBB1500B6DB48 /* ArenaObject.m in Sources */,
				403C9DB8178E28BB00B6DB48 /* EnemyTankObject.m in Sources */,
				40D2C54F17909F0D00D8ED62 /* TankSoundController.m in Sources */,
				40A0825517AB321000C1A2E5 /* coordsTrans.c in Sources */,
				40A0825C17AC648900C1A2E5 /* ScoreDisp.m in Sources */,
			);
			runOnlyForDeploymentPostprocessing = 0;
		};
/* End PBXSourcesBuildPhase section */

/* Begin XCBuildConfiguration section */
		1D6058940D05DD3E006BFB54 /* Debug */ = {
			isa = XCBuildConfiguration;
			buildSettings = {
				ALWAYS_SEARCH_USER_PATHS = YES;
				CODE_SIGN_IDENTITY = "iPhone Developer: Bjorn Chambless (TFX4EFJ682)";
				"CODE_SIGN_IDENTITY[sdk=iphoneos*]" = "iPhone Developer";
				COPY_PHASE_STRIP = NO;
				GCC_DYNAMIC_NO_PIC = NO;
				GCC_OPTIMIZATION_LEVEL = 0;
				GCC_PRECOMPILE_PREFIX_HEADER = YES;
				GCC_PREFIX_HEADER = ES2_tankgame_Prefix.pch;
				HEADER_SEARCH_PATHS = "include/**";
				"HEADER_SEARCH_PATHS[arch=*]" = "";
				INCLUDED_RECURSIVE_SEARCH_PATH_SUBDIRECTORIES = "src include";
				INFOPLIST_FILE = "ES2_tankgame-Info.plist";
				LIBRARY_SEARCH_PATHS = (
					"$(inherited)",
					"\"$(SRCROOT)/Classes/src\"",
				);
				PRODUCT_NAME = ES2_tankgame;
				PROVISIONING_PROFILE = "7D3EB353-39F0-4D8A-9F09-CF5DB61D82BC";
				"PROVISIONING_PROFILE[sdk=iphoneos*]" = "";
				USER_HEADER_SEARCH_PATHS = include;
				"USER_HEADER_SEARCH_PATHS[arch=*]" = include/chipmunk;
			};
			name = Debug;
		};
		1D6058950D05DD3E006BFB54 /* Release */ = {
			isa = XCBuildConfiguration;
			buildSettings = {
				ALWAYS_SEARCH_USER_PATHS = YES;
				CODE_SIGN_IDENTITY = "iPhone Developer: Bjorn Chambless (TFX4EFJ682)";
				COPY_PHASE_STRIP = YES;
				GCC_PRECOMPILE_PREFIX_HEADER = YES;
				GCC_PREFIX_HEADER = ES2_tankgame_Prefix.pch;
				HEADER_SEARCH_PATHS = "include/**";
				INCLUDED_RECURSIVE_SEARCH_PATH_SUBDIRECTORIES = "src include";
				INFOPLIST_FILE = "ES2_tankgame-Info.plist";
				LIBRARY_SEARCH_PATHS = (
					"$(inherited)",
					"\"$(SRCROOT)/Classes/src\"",
				);
				PRODUCT_NAME = ES2_tankgame;
				PROVISIONING_PROFILE = "7D3EB353-39F0-4D8A-9F09-CF5DB61D82BC";
				USER_HEADER_SEARCH_PATHS = include;
				"USER_HEADER_SEARCH_PATHS[arch=*]" = include/chipmunk;
				VALIDATE_PRODUCT = YES;
			};
			name = Release;
		};
		C01FCF4F08A954540054247B /* Debug */ = {
			isa = XCBuildConfiguration;
			buildSettings = {
				ARCHS = "$(ARCHS_UNIVERSAL_IPHONE_OS)";
				CLANG_ENABLE_OBJC_ARC = YES;
				CODE_SIGN_IDENTITY = "iPhone Developer: Bjorn Chambless (TFX4EFJ682)";
				"CODE_SIGN_IDENTITY[sdk=iphoneos*]" = "iPhone Developer";
				GCC_C_LANGUAGE_STANDARD = c99;
				GCC_WARN_ABOUT_RETURN_TYPE = YES;
				GCC_WARN_UNUSED_VARIABLE = YES;
				IPHONEOS_DEPLOYMENT_TARGET = 5.1;
				PROVISIONING_PROFILE = "7D3EB353-39F0-4D8A-9F09-CF5DB61D82BC";
				SDKROOT = iphoneos;
				TARGETED_DEVICE_FAMILY = 2;
			};
			name = Debug;
		};
		C01FCF5008A954540054247B /* Release */ = {
			isa = XCBuildConfiguration;
			buildSettings = {
				ARCHS = "$(ARCHS_UNIVERSAL_IPHONE_OS)";
				CLANG_ENABLE_OBJC_ARC = YES;
				CODE_SIGN_IDENTITY = "iPhone Developer: Bjorn Chambless (TFX4EFJ682)";
				"CODE_SIGN_IDENTITY[sdk=iphoneos*]" = "iPhone Developer";
				GCC_C_LANGUAGE_STANDARD = c99;
				GCC_WARN_ABOUT_RETURN_TYPE = YES;
				GCC_WARN_UNUSED_VARIABLE = YES;
				IPHONEOS_DEPLOYMENT_TARGET = 5.1;
				OTHER_CFLAGS = "-DNS_BLOCK_ASSERTIONS=1";
				PROVISIONING_PROFILE = "7D3EB353-39F0-4D8A-9F09-CF5DB61D82BC";
				SDKROOT = iphoneos;
				TARGETED_DEVICE_FAMILY = 2;
			};
			name = Release;
		};
/* End XCBuildConfiguration section */

/* Begin XCConfigurationList section */
		1D6058960D05DD3E006BFB54 /* Build configuration list for PBXNativeTarget "ES2_tankgame" */ = {
			isa = XCConfigurationList;
			buildConfigurations = (
				1D6058940D05DD3E006BFB54 /* Debug */,
				1D6058950D05DD3E006BFB54 /* Release */,
			);
			defaultConfigurationIsVisible = 0;
			defaultConfigurationName = Release;
		};
		C01FCF4E08A954540054247B /* Build configuration list for PBXProject "ES2_tankgame" */ = {
			isa = XCConfigurationList;
			buildConfigurations = (
				C01FCF4F08A954540054247B /* Debug */,
				C01FCF5008A954540054247B /* Release */,
			);
			defaultConfigurationIsVisible = 0;
			defaultConfigurationName = Release;
		};
/* End XCConfigurationList section */
	};
	rootObject = 29B97313FDCFA39411CA2CEA /* Project object */;
}
